
Microsoft Visual Studio Solution File, Format Version 12.00
# Visual Studio Version 17
VisualStudioVersion = 17.8.34330.188
MinimumVisualStudioVersion = 10.0.40219.1
Project("{2150E333-8FDC-42A3-9474-1A3956D46DE8}") = "Libraries", "Libraries", "{4FAE0965-5883-4544-B70A-843A67AD800F}"
EndProject
Project("{2150E333-8FDC-42A3-9474-1A3956D46DE8}") = "Tests", "Tests", "{FF79F304-8E90-46B8-8300-1B0A1582B2A5}"
EndProject
Project("{2150E333-8FDC-42A3-9474-1A3956D46DE8}") = "Programs", "Programs", "{B1CAAC7C-7718-42E3-99C3-CEB0C393B83B}"
EndProject
Project("{FAE04EC0-301F-11D3-BF4B-00C04F79EFBC}") = "ScarletWitch.Sap_ArrowAndBranchWinery", "Libraries\ScarletWitch.Sap_ArrowAndBranchWinery\ScarletWitch.Sap_ArrowAndBranchWinery.csproj", "{DA21EFD0-18E5-4126-BF63-F03420ABB994}"
EndProject
Project("{9A19103F-16F7-4668-BE54-9A1E7A4F7556}") = "Sap.Tests", "Tests\Sap.Tests\Sap.Tests.csproj", "{C870606B-D401-4356-B3A5-F7CDED2C6B14}"
EndProject
Project("{FAE04EC0-301F-11D3-BF4B-00C04F79EFBC}") = "Sap", "Libraries\Sap\Sap.csproj", "{02AA86EA-1F77-4EAF-8482-CB69A3181FCA}"
EndProject
Project("{FAE04EC0-301F-11D3-BF4B-00C04F79EFBC}") = "Sap.Api", "Libraries\Sap.Api\Sap.Api.csproj", "{D3505318-2863-4148-9911-FB3D6B522B41}"
EndProject
Project("{FAE04EC0-301F-11D3-BF4B-00C04F79EFBC}") = "Sap.Automation", "Programs\Sap.Automation\Sap.Automation.csproj", "{C43C64F0-E615-4A28-B521-3E07B4DD5B90}"
EndProject
Project("{FAE04EC0-301F-11D3-BF4B-00C04F79EFBC}") = "ScarletWitch.Sap_ArrowAndBranchRareCoins", "Libraries\ScarletWitch.Sap_ArrowAndBranchRareCoins\ScarletWitch.Sap_ArrowAndBranchRareCoins.csproj", "{915A2E68-F7D5-4B8B-B1E0-6BFA04926469}"
EndProject
Project("{FAE04EC0-301F-11D3-BF4B-00C04F79EFBC}") = "Sap.ApiToScarAabrcMapper", "Libraries\Sap.ApiToScarAabrcMapper\Sap.ApiToScarAabrcMapper.csproj", "{CD1D4BA1-640E-4583-AF4D-00FC82B9F5E7}"
EndProject
Project("{FAE04EC0-301F-11D3-BF4B-00C04F79EFBC}") = "Sap.ApiToScarAabwMapper", "Libraries\Sap.ApiToScarAabwMapper\Sap.ApiToScarAabwMapper.csproj", "{7AC6D830-6B51-47F1-820D-2BDD4AE5038B}"
EndProject
Project("{FAE04EC0-301F-11D3-BF4B-00C04F79EFBC}") = "ScarletWitch.Sap_RareCoinWholesalers", "Libraries\ScarletWitch.Sap_RareCoinWholesalers\ScarletWitch.Sap_RareCoinWholesalers.csproj", "{1140C7A5-3DFF-44C1-891A-0C706201FA52}"
EndProject
Project("{FAE04EC0-301F-11D3-BF4B-00C04F79EFBC}") = "Sap.ApiToScarRcwMapper", "Libraries\Sap.ApiToScarRcwMapper\Sap.ApiToScarRcwMapper.csproj", "{0E222421-4885-4939-84DF-D92B0C977A6C}"
EndProject
Project("{FAE04EC0-301F-11D3-BF4B-00C04F79EFBC}") = "Sql2023.Intranet", "Libraries\Sql2023.Intranet\Sql2023.Intranet.csproj", "{B219338F-6E3D-4CED-87CE-21ED027F3FA0}"
EndProject
Project("{FAE04EC0-301F-11D3-BF4B-00C04F79EFBC}") = "Sql2023.WwwSPs", "Libraries\Sql2023.WwwSPs\Sql2023.WwwSPs.csproj", "{FF69B15B-9240-4D3D-86C4-F0F0B97FB4AB}"
EndProject
Project("{FAE04EC0-301F-11D3-BF4B-00C04F79EFBC}") = "Web202209.SAP_ArrowAndBranchRareCoins", "Libraries\Web202209.SAP_ArrowAndBranchRareCoins\Web202209.SAP_ArrowAndBranchRareCoins.csproj", "{3690416A-A8EA-4B71-8C8D-EFC7F17991B1}"
EndProject
Project("{FAE04EC0-301F-11D3-BF4B-00C04F79EFBC}") = "Web202209.SAP_ArrowAndBranchWinery", "Libraries\Web202209.SAP_ArrowAndBranchWinery\Web202209.SAP_ArrowAndBranchWinery.csproj", "{C0DA4933-035D-4217-9097-7EEEE6B5C07A}"
EndProject
Project("{FAE04EC0-301F-11D3-BF4B-00C04F79EFBC}") = "Web202209.SAP_RareCoinWholesalers", "Libraries\Web202209.SAP_RareCoinWholesalers\Web202209.SAP_RareCoinWholesalers.csproj", "{5687651C-BEC8-4864-9A9B-FEF04A364F91}"
EndProject
Global
	GlobalSection(SolutionConfigurationPlatforms) = preSolution
		Debug|Any CPU = Debug|Any CPU
		Release|Any CPU = Release|Any CPU
	EndGlobalSection
	GlobalSection(ProjectConfigurationPlatforms) = postSolution
		{DA21EFD0-18E5-4126-BF63-F03420ABB994}.Debug|Any CPU.ActiveCfg = Debug|Any CPU
		{DA21EFD0-18E5-4126-BF63-F03420ABB994}.Debug|Any CPU.Build.0 = Debug|Any CPU
		{DA21EFD0-18E5-4126-BF63-F03420ABB994}.Release|Any CPU.ActiveCfg = Release|Any CPU
		{DA21EFD0-18E5-4126-BF63-F03420ABB994}.Release|Any CPU.Build.0 = Release|Any CPU
		{C870606B-D401-4356-B3A5-F7CDED2C6B14}.Debug|Any CPU.ActiveCfg = Debug|Any CPU
		{C870606B-D401-4356-B3A5-F7CDED2C6B14}.Debug|Any CPU.Build.0 = Debug|Any CPU
		{C870606B-D401-4356-B3A5-F7CDED2C6B14}.Release|Any CPU.ActiveCfg = Release|Any CPU
		{C870606B-D401-4356-B3A5-F7CDED2C6B14}.Release|Any CPU.Build.0 = Release|Any CPU
		{02AA86EA-1F77-4EAF-8482-CB69A3181FCA}.Debug|Any CPU.ActiveCfg = Debug|Any CPU
		{02AA86EA-1F77-4EAF-8482-CB69A3181FCA}.Debug|Any CPU.Build.0 = Debug|Any CPU
		{02AA86EA-1F77-4EAF-8482-CB69A3181FCA}.Release|Any CPU.ActiveCfg = Release|Any CPU
		{02AA86EA-1F77-4EAF-8482-CB69A3181FCA}.Release|Any CPU.Build.0 = Release|Any CPU
		{D3505318-2863-4148-9911-FB3D6B522B41}.Debug|Any CPU.ActiveCfg = Debug|Any CPU
		{D3505318-2863-4148-9911-FB3D6B522B41}.Debug|Any CPU.Build.0 = Debug|Any CPU
		{D3505318-2863-4148-9911-FB3D6B522B41}.Release|Any CPU.ActiveCfg = Release|Any CPU
		{D3505318-2863-4148-9911-FB3D6B522B41}.Release|Any CPU.Build.0 = Release|Any CPU
		{C43C64F0-E615-4A28-B521-3E07B4DD5B90}.Debug|Any CPU.ActiveCfg = Debug|Any CPU
		{C43C64F0-E615-4A28-B521-3E07B4DD5B90}.Debug|Any CPU.Build.0 = Debug|Any CPU
		{C43C64F0-E615-4A28-B521-3E07B4DD5B90}.Release|Any CPU.ActiveCfg = Release|Any CPU
		{C43C64F0-E615-4A28-B521-3E07B4DD5B90}.Release|Any CPU.Build.0 = Release|Any CPU
		{915A2E68-F7D5-4B8B-B1E0-6BFA04926469}.Debug|Any CPU.ActiveCfg = Debug|Any CPU
		{915A2E68-F7D5-4B8B-B1E0-6BFA04926469}.Debug|Any CPU.Build.0 = Debug|Any CPU
		{915A2E68-F7D5-4B8B-B1E0-6BFA04926469}.Release|Any CPU.ActiveCfg = Release|Any CPU
		{915A2E68-F7D5-4B8B-B1E0-6BFA04926469}.Release|Any CPU.Build.0 = Release|Any CPU
		{CD1D4BA1-640E-4583-AF4D-00FC82B9F5E7}.Debug|Any CPU.ActiveCfg = Debug|Any CPU
		{CD1D4BA1-640E-4583-AF4D-00FC82B9F5E7}.Debug|Any CPU.Build.0 = Debug|Any CPU
		{CD1D4BA1-640E-4583-AF4D-00FC82B9F5E7}.Release|Any CPU.ActiveCfg = Release|Any CPU
		{CD1D4BA1-640E-4583-AF4D-00FC82B9F5E7}.Release|Any CPU.Build.0 = Release|Any CPU
		{7AC6D830-6B51-47F1-820D-2BDD4AE5038B}.Debug|Any CPU.ActiveCfg = Debug|Any CPU
		{7AC6D830-6B51-47F1-820D-2BDD4AE5038B}.Debug|Any CPU.Build.0 = Debug|Any CPU
		{7AC6D830-6B51-47F1-820D-2BDD4AE5038B}.Release|Any CPU.ActiveCfg = Release|Any CPU
		{7AC6D830-6B51-47F1-820D-2BDD4AE5038B}.Release|Any CPU.Build.0 = Release|Any CPU
		{1140C7A5-3DFF-44C1-891A-0C706201FA52}.Debug|Any CPU.ActiveCfg = Debug|Any CPU
		{1140C7A5-3DFF-44C1-891A-0C706201FA52}.Debug|Any CPU.Build.0 = Debug|Any CPU
		{1140C7A5-3DFF-44C1-891A-0C706201FA52}.Release|Any CPU.ActiveCfg = Release|Any CPU
		{1140C7A5-3DFF-44C1-891A-0C706201FA52}.Release|Any CPU.Build.0 = Release|Any CPU
		{0E222421-4885-4939-84DF-D92B0C977A6C}.Debug|Any CPU.ActiveCfg = Debug|Any CPU
		{0E222421-4885-4939-84DF-D92B0C977A6C}.Debug|Any CPU.Build.0 = Debug|Any CPU
		{0E222421-4885-4939-84DF-D92B0C977A6C}.Release|Any CPU.ActiveCfg = Release|Any CPU
		{0E222421-4885-4939-84DF-D92B0C977A6C}.Release|Any CPU.Build.0 = Release|Any CPU
		{B219338F-6E3D-4CED-87CE-21ED027F3FA0}.Debug|Any CPU.ActiveCfg = Debug|Any CPU
		{B219338F-6E3D-4CED-87CE-21ED027F3FA0}.Debug|Any CPU.Build.0 = Debug|Any CPU
		{B219338F-6E3D-4CED-87CE-21ED027F3FA0}.Release|Any CPU.ActiveCfg = Release|Any CPU
		{B219338F-6E3D-4CED-87CE-21ED027F3FA0}.Release|Any CPU.Build.0 = Release|Any CPU
		{FF69B15B-9240-4D3D-86C4-F0F0B97FB4AB}.Debug|Any CPU.ActiveCfg = Debug|Any CPU
		{FF69B15B-9240-4D3D-86C4-F0F0B97FB4AB}.Debug|Any CPU.Build.0 = Debug|Any CPU
		{FF69B15B-9240-4D3D-86C4-F0F0B97FB4AB}.Release|Any CPU.ActiveCfg = Release|Any CPU
		{FF69B15B-9240-4D3D-86C4-F0F0B97FB4AB}.Release|Any CPU.Build.0 = Release|Any CPU
		{3690416A-A8EA-4B71-8C8D-EFC7F17991B1}.Debug|Any CPU.ActiveCfg = Debug|Any CPU
		{3690416A-A8EA-4B71-8C8D-EFC7F17991B1}.Debug|Any CPU.Build.0 = Debug|Any CPU
		{3690416A-A8EA-4B71-8C8D-EFC7F17991B1}.Release|Any CPU.ActiveCfg = Release|Any CPU
		{3690416A-A8EA-4B71-8C8D-EFC7F17991B1}.Release|Any CPU.Build.0 = Release|Any CPU
		{C0DA4933-035D-4217-9097-7EEEE6B5C07A}.Debug|Any CPU.ActiveCfg = Debug|Any CPU
		{C0DA4933-035D-4217-9097-7EEEE6B5C07A}.Debug|Any CPU.Build.0 = Debug|Any CPU
		{C0DA4933-035D-4217-9097-7EEEE6B5C07A}.Release|Any CPU.ActiveCfg = Release|Any CPU
		{C0DA4933-035D-4217-9097-7EEEE6B5C07A}.Release|Any CPU.Build.0 = Release|Any CPU
		{5687651C-BEC8-4864-9A9B-FEF04A364F91}.Debug|Any CPU.ActiveCfg = Debug|Any CPU
		{5687651C-BEC8-4864-9A9B-FEF04A364F91}.Debug|Any CPU.Build.0 = Debug|Any CPU
		{5687651C-BEC8-4864-9A9B-FEF04A364F91}.Release|Any CPU.ActiveCfg = Release|Any CPU
		{5687651C-BEC8-4864-9A9B-FEF04A364F91}.Release|Any CPU.Build.0 = Release|Any CPU
	EndGlobalSection
	GlobalSection(SolutionProperties) = preSolution
		HideSolutionNode = FALSE
	EndGlobalSection
	GlobalSection(NestedProjects) = preSolution
		{DA21EFD0-18E5-4126-BF63-F03420ABB994} = {4FAE0965-5883-4544-B70A-843A67AD800F}
		{C870606B-D401-4356-B3A5-F7CDED2C6B14} = {FF79F304-8E90-46B8-8300-1B0A1582B2A5}
		{02AA86EA-1F77-4EAF-8482-CB69A3181FCA} = {4FAE0965-5883-4544-B70A-843A67AD800F}
		{D3505318-2863-4148-9911-FB3D6B522B41} = {4FAE0965-5883-4544-B70A-843A67AD800F}
		{C43C64F0-E615-4A28-B521-3E07B4DD5B90} = {B1CAAC7C-7718-42E3-99C3-CEB0C393B83B}
		{915A2E68-F7D5-4B8B-B1E0-6BFA04926469} = {4FAE0965-5883-4544-B70A-843A67AD800F}
		{CD1D4BA1-640E-4583-AF4D-00FC82B9F5E7} = {4FAE0965-5883-4544-B70A-843A67AD800F}
		{7AC6D830-6B51-47F1-820D-2BDD4AE5038B} = {4FAE0965-5883-4544-B70A-843A67AD800F}
		{1140C7A5-3DFF-44C1-891A-0C706201FA52} = {4FAE0965-5883-4544-B70A-843A67AD800F}
		{0E222421-4885-4939-84DF-D92B0C977A6C} = {4FAE0965-5883-4544-B70A-843A67AD800F}
		{B219338F-6E3D-4CED-87CE-21ED027F3FA0} = {4FAE0965-5883-4544-B70A-843A67AD800F}
		{FF69B15B-9240-4D3D-86C4-F0F0B97FB4AB} = {4FAE0965-5883-4544-B70A-843A67AD800F}
		{3690416A-A8EA-4B71-8C8D-EFC7F17991B1} = {4FAE0965-5883-4544-B70A-843A67AD800F}
		{C0DA4933-035D-4217-9097-7EEEE6B5C07A} = {4FAE0965-5883-4544-B70A-843A67AD800F}
		{5687651C-BEC8-4864-9A9B-FEF04A364F91} = {4FAE0965-5883-4544-B70A-843A67AD800F}
	EndGlobalSection
	GlobalSection(ExtensibilityGlobals) = postSolution
		SolutionGuid = {8424CCDA-1F9C-4D73-9D8A-60C026F74DCE}
	EndGlobalSection
EndGlobal
